// !$*UTF8*$!
{
	archiveVersion = 1;
	classes = {
	};
	objectVersion = 46;
	objects = {

/* Begin PBXBuildFile section */
		7218C48319916F4B00D7C757 /* main.m in Sources */ = {isa = PBXBuildFile; fileRef = 7218C48219916F4B00D7C757 /* main.m */; };
		7218C48619916F4B00D7C757 /* AppDelegate.m in Sources */ = {isa = PBXBuildFile; fileRef = 7218C48519916F4B00D7C757 /* AppDelegate.m */; };
		7218C48919916F4B00D7C757 /* ViewController.m in Sources */ = {isa = PBXBuildFile; fileRef = 7218C48819916F4B00D7C757 /* ViewController.m */; };
		7218C48C19916F4B00D7C757 /* Main.storyboard in Resources */ = {isa = PBXBuildFile; fileRef = 7218C48A19916F4B00D7C757 /* Main.storyboard */; };
		7218C48E19916F4B00D7C757 /* Images.xcassets in Resources */ = {isa = PBXBuildFile; fileRef = 7218C48D19916F4B00D7C757 /* Images.xcassets */; };
		7218C49A19916F4C00D7C757 /* UnzipTests.m in Sources */ = {isa = PBXBuildFile; fileRef = 7218C49919916F4C00D7C757 /* UnzipTests.m */; };
		7218C4AF19916F5E00D7C757 /* MainInterface.storyboard in Resources */ = {isa = PBXBuildFile; fileRef = 7218C4AE19916F5E00D7C757 /* MainInterface.storyboard */; };
		7218C4B219916F5E00D7C757 /* UnzipAction.appex in Embed App Extensions */ = {isa = PBXBuildFile; fileRef = 7218C4A719916F5E00D7C757 /* UnzipAction.appex */; settings = {ATTRIBUTES = (RemoveHeadersOnCopy, ); }; };
		7218C4BB1991748400D7C757 /* UZArchiveViewController.m in Sources */ = {isa = PBXBuildFile; fileRef = 7218C4BA1991748400D7C757 /* UZArchiveViewController.m */; };
		7218C4C1199176B400D7C757 /* UIAlertController+UZError.m in Sources */ = {isa = PBXBuildFile; fileRef = 7218C4C0199176B400D7C757 /* UIAlertController+UZError.m */; };
		7218C4C419917A5500D7C757 /* UZNodeViewController.m in Sources */ = {isa = PBXBuildFile; fileRef = 7218C4C319917A5500D7C757 /* UZNodeViewController.m */; };
		7218C4C71991C99700D7C757 /* UZNode.m in Sources */ = {isa = PBXBuildFile; fileRef = 7218C4C61991C99700D7C757 /* UZNode.m */; };
		7218C4CA1991F33100D7C757 /* UZPreviewViewController.m in Sources */ = {isa = PBXBuildFile; fileRef = 7218C4C91991F33100D7C757 /* UZPreviewViewController.m */; };
		7218C4CE1991F8B700D7C757 /* Localizable.strings in Resources */ = {isa = PBXBuildFile; fileRef = 7218C4CC1991F8B700D7C757 /* Localizable.strings */; };
		7218C4DB1991FC3800D7C757 /* UZPreviewViewController.xib in Resources */ = {isa = PBXBuildFile; fileRef = 7218C4DA1991FC3800D7C757 /* UZPreviewViewController.xib */; };
		72A4BC1A1992BD8B00884AAC /* UZUnzipOperation.m in Sources */ = {isa = PBXBuildFile; fileRef = 72A4BC191992BD8B00884AAC /* UZUnzipOperation.m */; };
		72A4BC201992CA9F00884AAC /* UZNodeTableViewCell.m in Sources */ = {isa = PBXBuildFile; fileRef = 72A4BC1F1992CA9F00884AAC /* UZNodeTableViewCell.m */; };
		72A4BC231992DD1800884AAC /* UZUnzipCoordinator.m in Sources */ = {isa = PBXBuildFile; fileRef = 72A4BC221992DD1800884AAC /* UZUnzipCoordinator.m */; };
		91B01368CAFB453181A38E86 /* libPods-UnzipAction.a in Frameworks */ = {isa = PBXBuildFile; fileRef = 1B27AF6F9FDC447882016106 /* libPods-UnzipAction.a */; };
/* End PBXBuildFile section */

/* Begin PBXContainerItemProxy section */
		7218C49419916F4C00D7C757 /* PBXContainerItemProxy */ = {
			isa = PBXContainerItemProxy;
			containerPortal = 7218C47519916F4B00D7C757 /* Project object */;
			proxyType = 1;
			remoteGlobalIDString = 7218C47C19916F4B00D7C757;
			remoteInfo = Unzip;
		};
		7218C4B019916F5E00D7C757 /* PBXContainerItemProxy */ = {
			isa = PBXContainerItemProxy;
			containerPortal = 7218C47519916F4B00D7C757 /* Project object */;
			proxyType = 1;
			remoteGlobalIDString = 7218C4A619916F5E00D7C757;
			remoteInfo = UnzipAction;
		};
		7218C4B319916F5E00D7C757 /* PBXContainerItemProxy */ = {
			isa = PBXContainerItemProxy;
			containerPortal = 7218C47519916F4B00D7C757 /* Project object */;
			proxyType = 1;
			remoteGlobalIDString = 7218C4A619916F5E00D7C757;
			remoteInfo = UnzipAction;
		};
/* End PBXContainerItemProxy section */

/* Begin PBXCopyFilesBuildPhase section */
		7218C4B819916F5E00D7C757 /* Embed App Extensions */ = {
			isa = PBXCopyFilesBuildPhase;
			buildActionMask = 2147483647;
			dstPath = "";
			dstSubfolderSpec = 13;
			files = (
				7218C4B219916F5E00D7C757 /* UnzipAction.appex in Embed App Extensions */,
			);
			name = "Embed App Extensions";
			runOnlyForDeploymentPostprocessing = 0;
		};
/* End PBXCopyFilesBuildPhase section */

/* Begin PBXFileReference section */
		1B27AF6F9FDC447882016106 /* libPods-UnzipAction.a */ = {isa = PBXFileReference; explicitFileType = archive.ar; includeInIndex = 0; path = "libPods-UnzipAction.a"; sourceTree = BUILT_PRODUCTS_DIR; };
		637E3FFF75B74F979BBAAAC9 /* Pods-UnzipAction.xcconfig */ = {isa = PBXFileReference; includeInIndex = 1; lastKnownFileType = text.xcconfig; name = "Pods-UnzipAction.xcconfig"; path = "Pods/Pods-UnzipAction.xcconfig"; sourceTree = "<group>"; };
		7218C47D19916F4B00D7C757 /* Unzip.app */ = {isa = PBXFileReference; explicitFileType = wrapper.application; includeInIndex = 0; path = Unzip.app; sourceTree = BUILT_PRODUCTS_DIR; };
		7218C48119916F4B00D7C757 /* Info.plist */ = {isa = PBXFileReference; lastKnownFileType = text.plist.xml; path = Info.plist; sourceTree = "<group>"; };
		7218C48219916F4B00D7C757 /* main.m */ = {isa = PBXFileReference; lastKnownFileType = sourcecode.c.objc; path = main.m; sourceTree = "<group>"; };
		7218C48419916F4B00D7C757 /* AppDelegate.h */ = {isa = PBXFileReference; lastKnownFileType = sourcecode.c.h; path = AppDelegate.h; sourceTree = "<group>"; };
		7218C48519916F4B00D7C757 /* AppDelegate.m */ = {isa = PBXFileReference; lastKnownFileType = sourcecode.c.objc; path = AppDelegate.m; sourceTree = "<group>"; };
		7218C48719916F4B00D7C757 /* ViewController.h */ = {isa = PBXFileReference; lastKnownFileType = sourcecode.c.h; path = ViewController.h; sourceTree = "<group>"; };
		7218C48819916F4B00D7C757 /* ViewController.m */ = {isa = PBXFileReference; lastKnownFileType = sourcecode.c.objc; path = ViewController.m; sourceTree = "<group>"; };
		7218C48B19916F4B00D7C757 /* Base */ = {isa = PBXFileReference; lastKnownFileType = file.storyboard; name = Base; path = Base.lproj/Main.storyboard; sourceTree = "<group>"; };
		7218C48D19916F4B00D7C757 /* Images.xcassets */ = {isa = PBXFileReference; lastKnownFileType = folder.assetcatalog; path = Images.xcassets; sourceTree = "<group>"; };
		7218C49319916F4C00D7C757 /* UnzipTests.xctest */ = {isa = PBXFileReference; explicitFileType = wrapper.cfbundle; includeInIndex = 0; path = UnzipTests.xctest; sourceTree = BUILT_PRODUCTS_DIR; };
		7218C49819916F4C00D7C757 /* Info.plist */ = {isa = PBXFileReference; lastKnownFileType = text.plist.xml; path = Info.plist; sourceTree = "<group>"; };
		7218C49919916F4C00D7C757 /* UnzipTests.m */ = {isa = PBXFileReference; lastKnownFileType = sourcecode.c.objc; path = UnzipTests.m; sourceTree = "<group>"; };
		7218C4A719916F5E00D7C757 /* UnzipAction.appex */ = {isa = PBXFileReference; explicitFileType = "wrapper.app-extension"; includeInIndex = 0; path = UnzipAction.appex; sourceTree = BUILT_PRODUCTS_DIR; };
		7218C4AA19916F5E00D7C757 /* Info.plist */ = {isa = PBXFileReference; lastKnownFileType = text.plist.xml; path = Info.plist; sourceTree = "<group>"; };
		7218C4AE19916F5E00D7C757 /* MainInterface.storyboard */ = {isa = PBXFileReference; lastKnownFileType = file.storyboard; path = MainInterface.storyboard; sourceTree = "<group>"; };
		7218C4B91991748400D7C757 /* UZArchiveViewController.h */ = {isa = PBXFileReference; fileEncoding = 4; lastKnownFileType = sourcecode.c.h; path = UZArchiveViewController.h; sourceTree = "<group>"; };
		7218C4BA1991748400D7C757 /* UZArchiveViewController.m */ = {isa = PBXFileReference; fileEncoding = 4; lastKnownFileType = sourcecode.c.objc; path = UZArchiveViewController.m; sourceTree = "<group>"; };
		7218C4BF199176B400D7C757 /* UIAlertController+UZError.h */ = {isa = PBXFileReference; fileEncoding = 4; lastKnownFileType = sourcecode.c.h; path = "UIAlertController+UZError.h"; sourceTree = "<group>"; };
		7218C4C0199176B400D7C757 /* UIAlertController+UZError.m */ = {isa = PBXFileReference; fileEncoding = 4; lastKnownFileType = sourcecode.c.objc; path = "UIAlertController+UZError.m"; sourceTree = "<group>"; };
		7218C4C219917A5500D7C757 /* UZNodeViewController.h */ = {isa = PBXFileReference; fileEncoding = 4; lastKnownFileType = sourcecode.c.h; path = UZNodeViewController.h; sourceTree = "<group>"; };
		7218C4C319917A5500D7C757 /* UZNodeViewController.m */ = {isa = PBXFileReference; fileEncoding = 4; lastKnownFileType = sourcecode.c.objc; path = UZNodeViewController.m; sourceTree = "<group>"; };
		7218C4C51991C99700D7C757 /* UZNode.h */ = {isa = PBXFileReference; fileEncoding = 4; lastKnownFileType = sourcecode.c.h; path = UZNode.h; sourceTree = "<group>"; };
		7218C4C61991C99700D7C757 /* UZNode.m */ = {isa = PBXFileReference; fileEncoding = 4; lastKnownFileType = sourcecode.c.objc; path = UZNode.m; sourceTree = "<group>"; };
		7218C4C81991F33100D7C757 /* UZPreviewViewController.h */ = {isa = PBXFileReference; fileEncoding = 4; lastKnownFileType = sourcecode.c.h; path = UZPreviewViewController.h; sourceTree = "<group>"; };
		7218C4C91991F33100D7C757 /* UZPreviewViewController.m */ = {isa = PBXFileReference; fileEncoding = 4; lastKnownFileType = sourcecode.c.objc; path = UZPreviewViewController.m; sourceTree = "<group>"; };
		7218C4CD1991F8B700D7C757 /* en */ = {isa = PBXFileReference; lastKnownFileType = text.plist.strings; name = en; path = Localizable.strings; sourceTree = "<group>"; };
		7218C4DA1991FC3800D7C757 /* UZPreviewViewController.xib */ = {isa = PBXFileReference; fileEncoding = 4; lastKnownFileType = file.xib; path = UZPreviewViewController.xib; sourceTree = "<group>"; };
		72A4BC181992BD8B00884AAC /* UZUnzipOperation.h */ = {isa = PBXFileReference; fileEncoding = 4; lastKnownFileType = sourcecode.c.h; path = UZUnzipOperation.h; sourceTree = "<group>"; };
		72A4BC191992BD8B00884AAC /* UZUnzipOperation.m */ = {isa = PBXFileReference; fileEncoding = 4; lastKnownFileType = sourcecode.c.objc; path = UZUnzipOperation.m; sourceTree = "<group>"; };
		72A4BC1E1992CA9F00884AAC /* UZNodeTableViewCell.h */ = {isa = PBXFileReference; fileEncoding = 4; lastKnownFileType = sourcecode.c.h; path = UZNodeTableViewCell.h; sourceTree = "<group>"; };
		72A4BC1F1992CA9F00884AAC /* UZNodeTableViewCell.m */ = {isa = PBXFileReference; fileEncoding = 4; lastKnownFileType = sourcecode.c.objc; path = UZNodeTableViewCell.m; sourceTree = "<group>"; };
		72A4BC211992DD1800884AAC /* UZUnzipCoordinator.h */ = {isa = PBXFileReference; fileEncoding = 4; lastKnownFileType = sourcecode.c.h; path = UZUnzipCoordinator.h; sourceTree = "<group>"; };
		72A4BC221992DD1800884AAC /* UZUnzipCoordinator.m */ = {isa = PBXFileReference; fileEncoding = 4; lastKnownFileType = sourcecode.c.objc; path = UZUnzipCoordinator.m; sourceTree = "<group>"; };
		72A4BC2419931B2700884AAC /* UZNodeViewControllerSubclass.h */ = {isa = PBXFileReference; fileEncoding = 4; lastKnownFileType = sourcecode.c.h; path = UZNodeViewControllerSubclass.h; sourceTree = "<group>"; };
/* End PBXFileReference section */

/* Begin PBXFrameworksBuildPhase section */
		7218C47A19916F4B00D7C757 /* Frameworks */ = {
			isa = PBXFrameworksBuildPhase;
			buildActionMask = 2147483647;
			files = (
			);
			runOnlyForDeploymentPostprocessing = 0;
		};
		7218C49019916F4C00D7C757 /* Frameworks */ = {
			isa = PBXFrameworksBuildPhase;
			buildActionMask = 2147483647;
			files = (
			);
			runOnlyForDeploymentPostprocessing = 0;
		};
		7218C4A419916F5E00D7C757 /* Frameworks */ = {
			isa = PBXFrameworksBuildPhase;
			buildActionMask = 2147483647;
			files = (
				91B01368CAFB453181A38E86 /* libPods-UnzipAction.a in Frameworks */,
			);
			runOnlyForDeploymentPostprocessing = 0;
		};
/* End PBXFrameworksBuildPhase section */

/* Begin PBXGroup section */
		343F61C7A7264F1592D4DCA4 /* Frameworks */ = {
			isa = PBXGroup;
			children = (
				1B27AF6F9FDC447882016106 /* libPods-UnzipAction.a */,
			);
			name = Frameworks;
			sourceTree = "<group>";
		};
		7218C47419916F4B00D7C757 = {
			isa = PBXGroup;
			children = (
				7218C47F19916F4B00D7C757 /* Unzip */,
				7218C49619916F4C00D7C757 /* UnzipTests */,
				7218C4A819916F5E00D7C757 /* UnzipAction */,
				7218C47E19916F4B00D7C757 /* Products */,
				637E3FFF75B74F979BBAAAC9 /* Pods-UnzipAction.xcconfig */,
				343F61C7A7264F1592D4DCA4 /* Frameworks */,
			);
			sourceTree = "<group>";
		};
		7218C47E19916F4B00D7C757 /* Products */ = {
			isa = PBXGroup;
			children = (
				7218C47D19916F4B00D7C757 /* Unzip.app */,
				7218C49319916F4C00D7C757 /* UnzipTests.xctest */,
				7218C4A719916F5E00D7C757 /* UnzipAction.appex */,
			);
			name = Products;
			sourceTree = "<group>";
		};
		7218C47F19916F4B00D7C757 /* Unzip */ = {
			isa = PBXGroup;
			children = (
				7218C48419916F4B00D7C757 /* AppDelegate.h */,
				7218C48519916F4B00D7C757 /* AppDelegate.m */,
				7218C48719916F4B00D7C757 /* ViewController.h */,
				7218C48819916F4B00D7C757 /* ViewController.m */,
				7218C48A19916F4B00D7C757 /* Main.storyboard */,
				7218C48D19916F4B00D7C757 /* Images.xcassets */,
				7218C48019916F4B00D7C757 /* Supporting Files */,
			);
			path = Unzip;
			sourceTree = "<group>";
		};
		7218C48019916F4B00D7C757 /* Supporting Files */ = {
			isa = PBXGroup;
			children = (
				7218C48119916F4B00D7C757 /* Info.plist */,
				7218C48219916F4B00D7C757 /* main.m */,
			);
			name = "Supporting Files";
			sourceTree = "<group>";
		};
		7218C49619916F4C00D7C757 /* UnzipTests */ = {
			isa = PBXGroup;
			children = (
				7218C49919916F4C00D7C757 /* UnzipTests.m */,
				7218C49719916F4C00D7C757 /* Supporting Files */,
			);
			path = UnzipTests;
			sourceTree = "<group>";
		};
		7218C49719916F4C00D7C757 /* Supporting Files */ = {
			isa = PBXGroup;
			children = (
				7218C49819916F4C00D7C757 /* Info.plist */,
			);
			name = "Supporting Files";
			sourceTree = "<group>";
		};
		7218C4A819916F5E00D7C757 /* UnzipAction */ = {
			isa = PBXGroup;
			children = (
				7218C4BF199176B400D7C757 /* UIAlertController+UZError.h */,
				7218C4C0199176B400D7C757 /* UIAlertController+UZError.m */,
				7218C4C51991C99700D7C757 /* UZNode.h */,
				7218C4C61991C99700D7C757 /* UZNode.m */,
				7218C4B91991748400D7C757 /* UZArchiveViewController.h */,
				7218C4BA1991748400D7C757 /* UZArchiveViewController.m */,
				7218C4C219917A5500D7C757 /* UZNodeViewController.h */,
				7218C4C319917A5500D7C757 /* UZNodeViewController.m */,
				72A4BC2419931B2700884AAC /* UZNodeViewControllerSubclass.h */,
				72A4BC1E1992CA9F00884AAC /* UZNodeTableViewCell.h */,
				72A4BC1F1992CA9F00884AAC /* UZNodeTableViewCell.m */,
				7218C4C81991F33100D7C757 /* UZPreviewViewController.h */,
				7218C4C91991F33100D7C757 /* UZPreviewViewController.m */,
				7218C4DA1991FC3800D7C757 /* UZPreviewViewController.xib */,
				72A4BC181992BD8B00884AAC /* UZUnzipOperation.h */,
				72A4BC191992BD8B00884AAC /* UZUnzipOperation.m */,
				72A4BC211992DD1800884AAC /* UZUnzipCoordinator.h */,
				72A4BC221992DD1800884AAC /* UZUnzipCoordinator.m */,
				7218C4AE19916F5E00D7C757 /* MainInterface.storyboard */,
				7218C4CB1991F8B700D7C757 /* en.lproj */,
				7218C4A919916F5E00D7C757 /* Supporting Files */,
			);
			path = UnzipAction;
			sourceTree = "<group>";
		};
		7218C4A919916F5E00D7C757 /* Supporting Files */ = {
			isa = PBXGroup;
			children = (
				7218C4AA19916F5E00D7C757 /* Info.plist */,
			);
			name = "Supporting Files";
			sourceTree = "<group>";
		};
		7218C4CB1991F8B700D7C757 /* en.lproj */ = {
			isa = PBXGroup;
			children = (
				7218C4CC1991F8B700D7C757 /* Localizable.strings */,
			);
			path = en.lproj;
			sourceTree = "<group>";
		};
/* End PBXGroup section */

/* Begin PBXNativeTarget section */
		7218C47C19916F4B00D7C757 /* Unzip */ = {
			isa = PBXNativeTarget;
			buildConfigurationList = 7218C49D19916F4C00D7C757 /* Build configuration list for PBXNativeTarget "Unzip" */;
			buildPhases = (
				7218C47919916F4B00D7C757 /* Sources */,
				7218C47A19916F4B00D7C757 /* Frameworks */,
				7218C47B19916F4B00D7C757 /* Resources */,
				7218C4B819916F5E00D7C757 /* Embed App Extensions */,
			);
			buildRules = (
			);
			dependencies = (
				7218C4B119916F5E00D7C757 /* PBXTargetDependency */,
				7218C4B419916F5E00D7C757 /* PBXTargetDependency */,
			);
			name = Unzip;
			productName = Unzip;
			productReference = 7218C47D19916F4B00D7C757 /* Unzip.app */;
			productType = "com.apple.product-type.application";
		};
		7218C49219916F4C00D7C757 /* UnzipTests */ = {
			isa = PBXNativeTarget;
			buildConfigurationList = 7218C4A019916F4C00D7C757 /* Build configuration list for PBXNativeTarget "UnzipTests" */;
			buildPhases = (
				7218C48F19916F4C00D7C757 /* Sources */,
				7218C49019916F4C00D7C757 /* Frameworks */,
				7218C49119916F4C00D7C757 /* Resources */,
			);
			buildRules = (
			);
			dependencies = (
				7218C49519916F4C00D7C757 /* PBXTargetDependency */,
			);
			name = UnzipTests;
			productName = UnzipTests;
			productReference = 7218C49319916F4C00D7C757 /* UnzipTests.xctest */;
			productType = "com.apple.product-type.bundle.unit-test";
		};
		7218C4A619916F5E00D7C757 /* UnzipAction */ = {
			isa = PBXNativeTarget;
			buildConfigurationList = 7218C4B519916F5E00D7C757 /* Build configuration list for PBXNativeTarget "UnzipAction" */;
			buildPhases = (
				C9828A3B9C0E46ADB7F5E583 /* Check Pods Manifest.lock */,
				7218C4A319916F5E00D7C757 /* Sources */,
				7218C4A419916F5E00D7C757 /* Frameworks */,
				7218C4A519916F5E00D7C757 /* Resources */,
				AF6063905CEC4BBB89105E0E /* Copy Pods Resources */,
			);
			buildRules = (
			);
			dependencies = (
			);
			name = UnzipAction;
			productName = UnzipAction;
			productReference = 7218C4A719916F5E00D7C757 /* UnzipAction.appex */;
			productType = "com.apple.product-type.app-extension";
		};
/* End PBXNativeTarget section */

/* Begin PBXProject section */
		7218C47519916F4B00D7C757 /* Project object */ = {
			isa = PBXProject;
			attributes = {
				LastUpgradeCheck = 0600;
				ORGANIZATIONNAME = "Indragie Karunaratne";
				TargetAttributes = {
					7218C47C19916F4B00D7C757 = {
						CreatedOnToolsVersion = 6.0;
					};
					7218C49219916F4C00D7C757 = {
						CreatedOnToolsVersion = 6.0;
						TestTargetID = 7218C47C19916F4B00D7C757;
					};
					7218C4A619916F5E00D7C757 = {
						CreatedOnToolsVersion = 6.0;
						DevelopmentTeam = H73VKH7W9W;
					};
				};
			};
			buildConfigurationList = 7218C47819916F4B00D7C757 /* Build configuration list for PBXProject "Unzip" */;
			compatibilityVersion = "Xcode 3.2";
			developmentRegion = English;
			hasScannedForEncodings = 0;
			knownRegions = (
				en,
				Base,
			);
			mainGroup = 7218C47419916F4B00D7C757;
			productRefGroup = 7218C47E19916F4B00D7C757 /* Products */;
			projectDirPath = "";
			projectRoot = "";
			targets = (
				7218C47C19916F4B00D7C757 /* Unzip */,
				7218C49219916F4C00D7C757 /* UnzipTests */,
				7218C4A619916F5E00D7C757 /* UnzipAction */,
			);
		};
/* End PBXProject section */

/* Begin PBXResourcesBuildPhase section */
		7218C47B19916F4B00D7C757 /* Resources */ = {
			isa = PBXResourcesBuildPhase;
			buildActionMask = 2147483647;
			files = (
				7218C48C19916F4B00D7C757 /* Main.storyboard in Resources */,
				7218C48E19916F4B00D7C757 /* Images.xcassets in Resources */,
			);
			runOnlyForDeploymentPostprocessing = 0;
		};
		7218C49119916F4C00D7C757 /* Resources */ = {
			isa = PBXResourcesBuildPhase;
			buildActionMask = 2147483647;
			files = (
			);
			runOnlyForDeploymentPostprocessing = 0;
		};
		7218C4A519916F5E00D7C757 /* Resources */ = {
			isa = PBXResourcesBuildPhase;
			buildActionMask = 2147483647;
			files = (
				7218C4AF19916F5E00D7C757 /* MainInterface.storyboard in Resources */,
				7218C4CE1991F8B700D7C757 /* Localizable.strings in Resources */,
				7218C4DB1991FC3800D7C757 /* UZPreviewViewController.xib in Resources */,
			);
			runOnlyForDeploymentPostprocessing = 0;
		};
/* End PBXResourcesBuildPhase section */

/* Begin PBXShellScriptBuildPhase section */
		AF6063905CEC4BBB89105E0E /* Copy Pods Resources */ = {
			isa = PBXShellScriptBuildPhase;
			buildActionMask = 2147483647;
			files = (
			);
			inputPaths = (
			);
			name = "Copy Pods Resources";
			outputPaths = (
			);
			runOnlyForDeploymentPostprocessing = 0;
			shellPath = /bin/sh;
			shellScript = "\"${SRCROOT}/Pods/Pods-UnzipAction-resources.sh\"\n";
			showEnvVarsInLog = 0;
		};
		C9828A3B9C0E46ADB7F5E583 /* Check Pods Manifest.lock */ = {
			isa = PBXShellScriptBuildPhase;
			buildActionMask = 2147483647;
			files = (
			);
			inputPaths = (
			);
			name = "Check Pods Manifest.lock";
			outputPaths = (
			);
			runOnlyForDeploymentPostprocessing = 0;
			shellPath = /bin/sh;
			shellScript = "diff \"${PODS_ROOT}/../Podfile.lock\" \"${PODS_ROOT}/Manifest.lock\" > /dev/null\nif [[ $? != 0 ]] ; then\n    cat << EOM\nerror: The sandbox is not in sync with the Podfile.lock. Run 'pod install' or update your CocoaPods installation.\nEOM\n    exit 1\nfi\n";
			showEnvVarsInLog = 0;
		};
/* End PBXShellScriptBuildPhase section */

/* Begin PBXSourcesBuildPhase section */
		7218C47919916F4B00D7C757 /* Sources */ = {
			isa = PBXSourcesBuildPhase;
			buildActionMask = 2147483647;
			files = (
				7218C48919916F4B00D7C757 /* ViewController.m in Sources */,
				7218C48619916F4B00D7C757 /* AppDelegate.m in Sources */,
				7218C48319916F4B00D7C757 /* main.m in Sources */,
			);
			runOnlyForDeploymentPostprocessing = 0;
		};
		7218C48F19916F4C00D7C757 /* Sources */ = {
			isa = PBXSourcesBuildPhase;
			buildActionMask = 2147483647;
			files = (
				7218C49A19916F4C00D7C757 /* UnzipTests.m in Sources */,
			);
			runOnlyForDeploymentPostprocessing = 0;
		};
		7218C4A319916F5E00D7C757 /* Sources */ = {
			isa = PBXSourcesBuildPhase;
			buildActionMask = 2147483647;
			files = (
				72A4BC231992DD1800884AAC /* UZUnzipCoordinator.m in Sources */,
				7218C4C419917A5500D7C757 /* UZNodeViewController.m in Sources */,
				72A4BC1A1992BD8B00884AAC /* UZUnzipOperation.m in Sources */,
				7218C4C1199176B400D7C757 /* UIAlertController+UZError.m in Sources */,
				7218C4BB1991748400D7C757 /* UZArchiveViewController.m in Sources */,
				72A4BC201992CA9F00884AAC /* UZNodeTableViewCell.m in Sources */,
				7218C4CA1991F33100D7C757 /* UZPreviewViewController.m in Sources */,
				7218C4C71991C99700D7C757 /* UZNode.m in Sources */,
			);
			runOnlyForDeploymentPostprocessing = 0;
		};
/* End PBXSourcesBuildPhase section */

/* Begin PBXTargetDependency section */
		7218C49519916F4C00D7C757 /* PBXTargetDependency */ = {
			isa = PBXTargetDependency;
			target = 7218C47C19916F4B00D7C757 /* Unzip */;
			targetProxy = 7218C49419916F4C00D7C757 /* PBXContainerItemProxy */;
		};
		7218C4B119916F5E00D7C757 /* PBXTargetDependency */ = {
			isa = PBXTargetDependency;
			target = 7218C4A619916F5E00D7C757 /* UnzipAction */;
			targetProxy = 7218C4B019916F5E00D7C757 /* PBXContainerItemProxy */;
		};
		7218C4B419916F5E00D7C757 /* PBXTargetDependency */ = {
			isa = PBXTargetDependency;
			target = 7218C4A619916F5E00D7C757 /* UnzipAction */;
			targetProxy = 7218C4B319916F5E00D7C757 /* PBXContainerItemProxy */;
		};
/* End PBXTargetDependency section */

/* Begin PBXVariantGroup section */
		7218C48A19916F4B00D7C757 /* Main.storyboard */ = {
			isa = PBXVariantGroup;
			children = (
				7218C48B19916F4B00D7C757 /* Base */,
			);
			name = Main.storyboard;
			sourceTree = "<group>";
		};
		7218C4CC1991F8B700D7C757 /* Localizable.strings */ = {
			isa = PBXVariantGroup;
			children = (
				7218C4CD1991F8B700D7C757 /* en */,
			);
			name = Localizable.strings;
			sourceTree = "<group>";
		};
/* End PBXVariantGroup section */

/* Begin XCBuildConfiguration section */
		7218C49B19916F4C00D7C757 /* Debug */ = {
			isa = XCBuildConfiguration;
			buildSettings = {
				ALWAYS_SEARCH_USER_PATHS = NO;
				CLANG_CXX_LANGUAGE_STANDARD = "gnu++0x";
				CLANG_CXX_LIBRARY = "libc++";
				CLANG_ENABLE_MODULES = YES;
				CLANG_ENABLE_OBJC_ARC = YES;
				CLANG_WARN_BOOL_CONVERSION = YES;
				CLANG_WARN_CONSTANT_CONVERSION = YES;
				CLANG_WARN_DIRECT_OBJC_ISA_USAGE = YES_ERROR;
				CLANG_WARN_EMPTY_BODY = YES;
				CLANG_WARN_ENUM_CONVERSION = YES;
				CLANG_WARN_INT_CONVERSION = YES;
				CLANG_WARN_OBJC_ROOT_CLASS = YES_ERROR;
				CLANG_WARN_UNREACHABLE_CODE = YES;
				CLANG_WARN__DUPLICATE_METHOD_MATCH = YES;
				"CODE_SIGN_IDENTITY[sdk=iphoneos*]" = "iPhone Developer";
				COPY_PHASE_STRIP = NO;
				ENABLE_STRICT_OBJC_MSGSEND = YES;
				GCC_C_LANGUAGE_STANDARD = gnu99;
				GCC_DYNAMIC_NO_PIC = NO;
				GCC_OPTIMIZATION_LEVEL = 0;
				GCC_PREPROCESSOR_DEFINITIONS = (
					"DEBUG=1",
					"$(inherited)",
				);
				GCC_SYMBOLS_PRIVATE_EXTERN = NO;
				GCC_WARN_64_TO_32_BIT_CONVERSION = YES;
				GCC_WARN_ABOUT_RETURN_TYPE = YES_ERROR;
				GCC_WARN_UNDECLARED_SELECTOR = YES;
				GCC_WARN_UNINITIALIZED_AUTOS = YES_AGGRESSIVE;
				GCC_WARN_UNUSED_FUNCTION = YES;
				GCC_WARN_UNUSED_VARIABLE = YES;
				IPHONEOS_DEPLOYMENT_TARGET = 8.0;
				MTL_ENABLE_DEBUG_INFO = YES;
				ONLY_ACTIVE_ARCH = YES;
				SDKROOT = iphoneos;
			};
			name = Debug;
		};
		7218C49C19916F4C00D7C757 /* Release */ = {
			isa = XCBuildConfiguration;
			buildSettings = {
				ALWAYS_SEARCH_USER_PATHS = NO;
				CLANG_CXX_LANGUAGE_STANDARD = "gnu++0x";
				CLANG_CXX_LIBRARY = "libc++";
				CLANG_ENABLE_MODULES = YES;
				CLANG_ENABLE_OBJC_ARC = YES;
				CLANG_WARN_BOOL_CONVERSION = YES;
				CLANG_WARN_CONSTANT_CONVERSION = YES;
				CLANG_WARN_DIRECT_OBJC_ISA_USAGE = YES_ERROR;
				CLANG_WARN_EMPTY_BODY = YES;
				CLANG_WARN_ENUM_CONVERSION = YES;
				CLANG_WARN_INT_CONVERSION = YES;
				CLANG_WARN_OBJC_ROOT_CLASS = YES_ERROR;
				CLANG_WARN_UNREACHABLE_CODE = YES;
				CLANG_WARN__DUPLICATE_METHOD_MATCH = YES;
				"CODE_SIGN_IDENTITY[sdk=iphoneos*]" = "iPhone Developer";
				COPY_PHASE_STRIP = YES;
				ENABLE_NS_ASSERTIONS = NO;
				ENABLE_STRICT_OBJC_MSGSEND = YES;
				GCC_C_LANGUAGE_STANDARD = gnu99;
				GCC_WARN_64_TO_32_BIT_CONVERSION = YES;
				GCC_WARN_ABOUT_RETURN_TYPE = YES_ERROR;
				GCC_WARN_UNDECLARED_SELECTOR = YES;
				GCC_WARN_UNINITIALIZED_AUTOS = YES_AGGRESSIVE;
				GCC_WARN_UNUSED_FUNCTION = YES;
				GCC_WARN_UNUSED_VARIABLE = YES;
				IPHONEOS_DEPLOYMENT_TARGET = 8.0;
				MTL_ENABLE_DEBUG_INFO = NO;
				SDKROOT = iphoneos;
				VALIDATE_PRODUCT = YES;
			};
			name = Release;
		};
		7218C49E19916F4C00D7C757 /* Debug */ = {
			isa = XCBuildConfiguration;
			buildSettings = {
				ASSETCATALOG_COMPILER_APPICON_NAME = AppIcon;
				ASSETCATALOG_COMPILER_LAUNCHIMAGE_NAME = LaunchImage;
				INFOPLIST_FILE = Unzip/Info.plist;
				LD_RUNPATH_SEARCH_PATHS = "$(inherited) @executable_path/Frameworks";
				PRODUCT_NAME = "$(TARGET_NAME)";
			};
			name = Debug;
		};
		7218C49F19916F4C00D7C757 /* Release */ = {
			isa = XCBuildConfiguration;
			buildSettings = {
				ASSETCATALOG_COMPILER_APPICON_NAME = AppIcon;
				ASSETCATALOG_COMPILER_LAUNCHIMAGE_NAME = LaunchImage;
				INFOPLIST_FILE = Unzip/Info.plist;
				LD_RUNPATH_SEARCH_PATHS = "$(inherited) @executable_path/Frameworks";
				PRODUCT_NAME = "$(TARGET_NAME)";
			};
			name = Release;
		};
		7218C4A119916F4C00D7C757 /* Debug */ = {
			isa = XCBuildConfiguration;
			buildSettings = {
				BUNDLE_LOADER = "$(TEST_HOST)";
				FRAMEWORK_SEARCH_PATHS = (
					"$(SDKROOT)/Developer/Library/Frameworks",
					"$(inherited)",
				);
				GCC_PREPROCESSOR_DEFINITIONS = (
					"DEBUG=1",
					"$(inherited)",
				);
				INFOPLIST_FILE = UnzipTests/Info.plist;
				LD_RUNPATH_SEARCH_PATHS = "$(inherited) @executable_path/Frameworks @loader_path/Frameworks";
				PRODUCT_NAME = "$(TARGET_NAME)";
				TEST_HOST = "$(BUILT_PRODUCTS_DIR)/Unzip.app/Unzip";
			};
			name = Debug;
		};
		7218C4A219916F4C00D7C757 /* Release */ = {
			isa = XCBuildConfiguration;
			buildSettings = {
				BUNDLE_LOADER = "$(TEST_HOST)";
				FRAMEWORK_SEARCH_PATHS = (
					"$(SDKROOT)/Developer/Library/Frameworks",
					"$(inherited)",
				);
				INFOPLIST_FILE = UnzipTests/Info.plist;
				LD_RUNPATH_SEARCH_PATHS = "$(inherited) @executable_path/Frameworks @loader_path/Frameworks";
				PRODUCT_NAME = "$(TARGET_NAME)";
				TEST_HOST = "$(BUILT_PRODUCTS_DIR)/Unzip.app/Unzip";
			};
			name = Release;
		};
		7218C4B619916F5E00D7C757 /* Debug */ = {
			isa = XCBuildConfiguration;
			baseConfigurationReference = 637E3FFF75B74F979BBAAAC9 /* Pods-UnzipAction.xcconfig */;
			buildSettings = {
				CODE_SIGN_IDENTITY = "iPhone Developer";
				GCC_PREPROCESSOR_DEFINITIONS = (
					"DEBUG=1",
					"$(inherited)",
				);
				INFOPLIST_FILE = UnzipAction/Info.plist;
				LD_RUNPATH_SEARCH_PATHS = "$(inherited) @executable_path/Frameworks @executable_path/../../Frameworks";
				PRODUCT_NAME = "$(TARGET_NAME)";
				SKIP_INSTALL = YES;
			};
			name = Debug;
		};
		7218C4B719916F5E00D7C757 /* Release */ = {
			isa = XCBuildConfiguration;
			baseConfigurationReference = 637E3FFF75B74F979BBAAAC9 /* Pods-UnzipAction.xcconfig */;
			buildSettings = {
				CODE_SIGN_IDENTITY = "iPhone Developer";
				INFOPLIST_FILE = UnzipAction/Info.plist;
				LD_RUNPATH_SEARCH_PATHS = "$(inherited) @executable_path/Frameworks @executable_path/../../Frameworks";
				PRODUCT_NAME = "$(TARGET_NAME)";
				SKIP_INSTALL = YES;
			};
			name = Release;
		};
/* End XCBuildConfiguration section */

/* Begin XCConfigurationList section */
		7218C47819916F4B00D7C757 /* Build configuration list for PBXProject "Unzip" */ = {
			isa = XCConfigurationList;
			buildConfigurations = (
				7218C49B19916F4C00D7C757 /* Debug */,
				7218C49C19916F4C00D7C757 /* Release */,
			);
			defaultConfigurationIsVisible = 0;
			defaultConfigurationName = Release;
		};
		7218C49D19916F4C00D7C757 /* Build configuration list for PBXNativeTarget "Unzip" */ = {
			isa = XCConfigurationList;
			buildConfigurations = (
				7218C49E19916F4C00D7C757 /* Debug */,
				7218C49F19916F4C00D7C757 /* Release */,
			);
			defaultConfigurationIsVisible = 0;
			defaultConfigurationName = Release;
		};
		7218C4A019916F4C00D7C757 /* Build configuration list for PBXNativeTarget "UnzipTests" */ = {
			isa = XCConfigurationList;
			buildConfigurations = (
				7218C4A119916F4C00D7C757 /* Debug */,
				7218C4A219916F4C00D7C757 /* Release */,
			);
			defaultConfigurationIsVisible = 0;
			defaultConfigurationName = Release;
		};
		7218C4B519916F5E00D7C757 /* Build configuration list for PBXNativeTarget "UnzipAction" */ = {
			isa = XCConfigurationList;
			buildConfigurations = (
				7218C4B619916F5E00D7C757 /* Debug */,
				7218C4B719916F5E00D7C757 /* Release */,
			);
			defaultConfigurationIsVisible = 0;
			defaultConfigurationName = Release;
		};
/* End XCConfigurationList section */
	};
	rootObject = 7218C47519916F4B00D7C757 /* Project object */;
}
